
Microsoft Visual Studio Solution File, Format Version 12.00
# Visual Studio Version 17
VisualStudioVersion = 17.4.33213.308
MinimumVisualStudioVersion = 10.0.40219.1
Project("{FAE04EC0-301F-11D3-BF4B-00C04F79EFBC}") = "piano", "piano\piano.csproj", "{29AD0D32-ECE3-413C-8482-258EF35E00A2}"
EndProject
Global
	GlobalSection(SolutionConfigurationPlatforms) = preSolution
		Debug|Any CPU = Debug|Any CPU
		Release|Any CPU = Release|Any CPU
	EndGlobalSection
	GlobalSection(ProjectConfigurationPlatforms) = postSolution
		{29AD0D32-ECE3-413C-8482-258EF35E00A2}.Debug|Any CPU.ActiveCfg = Debug|Any CPU
		{29AD0D32-ECE3-413C-8482-258EF35E00A2}.Debug|Any CPU.Build.0 = Debug|Any CPU
		{29AD0D32-ECE3-413C-8482-258EF35E00A2}.Release|Any CPU.ActiveCfg = Release|Any CPU
		{29AD0D32-ECE3-413C-8482-258EF35E00A2}.Release|Any CPU.Build.0 = Release|Any CPU
	EndGlobalSection
	GlobalSection(SolutionProperties) = preSolution
		HideSolutionNode = FALSE
	EndGlobalSection
	GlobalSection(ExtensibilityGlobals) = postSolution
		SolutionGuid = {60B3C780-1CD3-4406-8507-4F36B4817A40}
	EndGlobalSection
EndGlobal
